Microsoft Visual Studio Solution File, Format Version 12.00
# Visual Studio Version 17
VisualStudioVersion = 17.13.35931.197
MinimumVisualStudioVersion = 10.0.40219.1
Project("{8BC9CEB8-8B4A-11D0-8D11-00A0C91BC942}") = "datalink", "datalink.vcxproj", "{84955CB8-B78C-49A9-90E8-6060BF141C98}"
EndProject
Project("{8BC9CEB8-8B4A-11D0-8D11-00A0C91BC942}") = "datalink-ver2-(with_half_ack)", "..\datalink-ver2-(with_half_ack)\datalink-ver2-(with_half_ack).vcxproj", "{6E5A2548-FF2F-4D51-BEBA-ABED583D1B46}"
EndProject
Global
	GlobalSection(SolutionConfigurationPlatforms) = preSolution
		Debug|Win32 = Debug|Win32
		Release|Win32 = Release|Win32
	EndGlobalSection
	GlobalSection(ProjectConfigurationPlatforms) = postSolution
		{84955CB8-B78C-49A9-90E8-6060BF141C98}.Debug|Win32.ActiveCfg = Debug|Win32
		{84955CB8-B78C-49A9-90E8-6060BF141C98}.Debug|Win32.Build.0 = Debug|Win32
		{84955CB8-B78C-49A9-90E8-6060BF141C98}.Release|Win32.ActiveCfg = Debug|Win32
		{84955CB8-B78C-49A9-90E8-6060BF141C98}.Release|Win32.Build.0 = Debug|Win32
		{6E5A2548-FF2F-4D51-BEBA-ABED583D1B46}.Debug|Win32.ActiveCfg = Debug|Win32
		{6E5A2548-FF2F-4D51-BEBA-ABED583D1B46}.Debug|Win32.Build.0 = Debug|Win32
		{6E5A2548-FF2F-4D51-BEBA-ABED583D1B46}.Release|Win32.ActiveCfg = Release|Win32
		{6E5A2548-FF2F-4D51-BEBA-ABED583D1B46}.Release|Win32.Build.0 = Release|Win32
	EndGlobalSection
	GlobalSection(SolutionProperties) = preSolution
		HideSolutionNode = FALSE
	EndGlobalSection
	GlobalSection(ExtensibilityGlobals) = postSolution
		SolutionGuid = {C7ECBE37-E5EA-465D-83B5-4CAD6ACB629D}
	EndGlobalSection
EndGlobal
